
Microsoft Visual Studio Solution File, Format Version 12.00
# Visual Studio Version 17
VisualStudioVersion = 17.8.34330.188
MinimumVisualStudioVersion = 10.0.40219.1
Project("{9A19103F-16F7-4668-BE54-9A1E7A4F7556}") = "EFCore", "EFCore\EFCore.csproj", "{B785631F-4709-4612-A20D-0B9DF95141DD}"
EndProject
Project("{9A19103F-16F7-4668-BE54-9A1E7A4F7556}") = "test", "test\test.csproj", "{2C7C20E3-A1CC-4465-BD8E-23C9F8687689}"
EndProject
Project("{9A19103F-16F7-4668-BE54-9A1E7A4F7556}") = "AspNetCoreWeb", "AspNetCoreWeb\AspNetCoreWeb.csproj", "{044E7B4C-AEEB-4165-BBF6-4C593EC6B897}"
EndProject
Project("{9A19103F-16F7-4668-BE54-9A1E7A4F7556}") = "AspNetCoreWebMvc", "AspNetCoreWebMvc\AspNetCoreWebMvc.csproj", "{F1A26255-A9A8-4DC0-89ED-FAA500A4020F}"
EndProject
Project("{9A19103F-16F7-4668-BE54-9A1E7A4F7556}") = "AspNetCoreWebApi", "AspNetCoreWebApi\AspNetCoreWebApi.csproj", "{668C4485-9F27-4B59-917B-F2D897C0D06C}"
EndProject
Project("{9A19103F-16F7-4668-BE54-9A1E7A4F7556}") = "AspNetCoreWebApi.Identity", "AspNetCoreWebApi.Identity\AspNetCoreWebApi.Identity.csproj", "{64FECB1C-737D-4037-AA70-48041E273373}"
EndProject
Project("{9A19103F-16F7-4668-BE54-9A1E7A4F7556}") = "EFCoreDDDTest", "EFCoreDDDTest\EFCoreDDDTest.csproj", "{9AF5B1BE-A358-4A23-88F6-631E6A122DCF}"
EndProject
Project("{9A19103F-16F7-4668-BE54-9A1E7A4F7556}") = "ITest", "ITest\ITest.csproj", "{D42BA297-FA9C-4342-AC7C-1B644F60BBAF}"
EndProject
Project("{9A19103F-16F7-4668-BE54-9A1E7A4F7556}") = "DesignModel", "DesignModel\DesignModel.csproj", "{4CB5AF58-3588-481E-AF3E-7EA7BAB226F2}"
EndProject
Project("{9A19103F-16F7-4668-BE54-9A1E7A4F7556}") = "AspNetCoreConsul", "AspNetCoreConsul\AspNetCoreConsul.csproj", "{0F8BA49A-8006-441A-85C0-A640B213443D}"
EndProject
Project("{9A19103F-16F7-4668-BE54-9A1E7A4F7556}") = "AspNetCoreConsul.Client", "AspNetCoreConsul.Client\AspNetCoreConsul.Client.csproj", "{1C959803-45B9-4EE1-9F55-4467289A0702}"
EndProject
Project("{9A19103F-16F7-4668-BE54-9A1E7A4F7556}") = "Hiuyeung.Common", "Hiuyeung.Common\Hiuyeung.Common.csproj", "{B9B5F803-0654-43CC-8C1E-59C84D21A368}"
EndProject
Project("{2150E333-8FDC-42A3-9474-1A3956D46DE8}") = "Nacos", "Nacos", "{54285D4F-AA43-4673-8E65-40931523DB51}"
EndProject
Project("{9A19103F-16F7-4668-BE54-9A1E7A4F7556}") = "AspNetCoreNacos", "AspNetCoreNacos\AspNetCoreNacos.csproj", "{2F6523A9-756F-41AF-8068-EE18E250391F}"
EndProject
Project("{2150E333-8FDC-42A3-9474-1A3956D46DE8}") = "Consul", "Consul", "{C46106E7-9478-40A2-8A6B-BD2C51D357D9}"
EndProject
Project("{2150E333-8FDC-42A3-9474-1A3956D46DE8}") = "Webapi", "Webapi", "{45671190-C169-4587-A7BA-367F2FCF5B0D}"
EndProject
Project("{9A19103F-16F7-4668-BE54-9A1E7A4F7556}") = "AspNetCoreNacos.Client", "AspNetCoreNacos.Client\AspNetCoreNacos.Client.csproj", "{69AEF26C-0BC7-40A4-87B8-BD5F43708CF2}"
EndProject
Project("{9A19103F-16F7-4668-BE54-9A1E7A4F7556}") = "NacosConfigCenter", "NacosConfigCenter\NacosConfigCenter.csproj", "{923F750F-6499-4E7F-969C-C4C677DBD152}"
EndProject
Project("{2150E333-8FDC-42A3-9474-1A3956D46DE8}") = "Apollo", "Apollo", "{0278C5CC-286D-4109-8112-E13063D6403B}"
EndProject
Project("{9A19103F-16F7-4668-BE54-9A1E7A4F7556}") = "AspNetCoreApollo", "AspNetCoreApollo\AspNetCoreApollo.csproj", "{91E5FFE6-86AA-424E-8F74-6D123964F526}"
EndProject
Project("{9A19103F-16F7-4668-BE54-9A1E7A4F7556}") = "AspNetCoreConsulConfig", "AspNetCoreConsulConfig\AspNetCoreConsulConfig.csproj", "{6B71AB00-ABE8-4441-8A75-F2698080989A}"
EndProject
Project("{2150E333-8FDC-42A3-9474-1A3956D46DE8}") = "gRpc", "gRpc", "{2BE64B7C-2CCC-443B-B2E0-46A520E636ED}"
EndProject
Project("{9A19103F-16F7-4668-BE54-9A1E7A4F7556}") = "EmptygRpcServer", "EmptygRpcServer\EmptygRpcServer.csproj", "{A8C6F3A9-B594-423C-9C16-5BB7E3DDFFC1}"
EndProject
Project("{9A19103F-16F7-4668-BE54-9A1E7A4F7556}") = "GrpcService", "GrpcService\GrpcService.csproj", "{BBCC72FF-B76C-440D-B1AF-C7559299BD72}"
EndProject
Project("{9A19103F-16F7-4668-BE54-9A1E7A4F7556}") = "EmptygRpcClient", "EmptygRpcClient\EmptygRpcClient.csproj", "{10A5A64C-D286-410B-A8D3-922385C16574}"
EndProject
Project("{9A19103F-16F7-4668-BE54-9A1E7A4F7556}") = "GrpcToken", "GrpcToken\GrpcToken.csproj", "{D4283558-B398-4277-A13A-B8C74A58F797}"
EndProject
Project("{9A19103F-16F7-4668-BE54-9A1E7A4F7556}") = "GrpcTokenClient", "GrpcTokenClient\GrpcTokenClient.csproj", "{A7137D30-7D94-4CC2-92C9-DD3B3226078C}"
EndProject
Project("{9A19103F-16F7-4668-BE54-9A1E7A4F7556}") = "GrpcJsonConvert", "GrpcJsonConvert\GrpcJsonConvert.csproj", "{8D18C9D0-B25A-478D-A94B-FC1CE2446B82}"
EndProject
Project("{2150E333-8FDC-42A3-9474-1A3956D46DE8}") = "Polly", "Polly", "{9DCD6A7D-3967-45B9-B461-18325932B2BB}"
EndProject
Project("{FAE04EC0-301F-11D3-BF4B-00C04F79EFBC}") = "AspNetCore.Polly.Client", "ASPNETCORE.Polly\AspNetCore.Polly.Client.csproj", "{D0A1B2CC-8E62-4AFA-879D-24CC967DBE78}"
EndProject
Project("{FAE04EC0-301F-11D3-BF4B-00C04F79EFBC}") = "AspNetCore.Polly.Server", "AspNetCore.Polly.Server\AspNetCore.Polly.Server.csproj", "{499B69B6-2462-4DD1-B685-9E10E16388B0}"
EndProject
Global
	GlobalSection(SolutionConfigurationPlatforms) = preSolution
		Debug|Any CPU = Debug|Any CPU
		Release|Any CPU = Release|Any CPU
	EndGlobalSection
	GlobalSection(ProjectConfigurationPlatforms) = postSolution
		{B785631F-4709-4612-A20D-0B9DF95141DD}.Debug|Any CPU.ActiveCfg = Debug|Any CPU
		{B785631F-4709-4612-A20D-0B9DF95141DD}.Debug|Any CPU.Build.0 = Debug|Any CPU
		{B785631F-4709-4612-A20D-0B9DF95141DD}.Release|Any CPU.ActiveCfg = Release|Any CPU
		{B785631F-4709-4612-A20D-0B9DF95141DD}.Release|Any CPU.Build.0 = Release|Any CPU
		{2C7C20E3-A1CC-4465-BD8E-23C9F8687689}.Debug|Any CPU.ActiveCfg = Debug|Any CPU
		{2C7C20E3-A1CC-4465-BD8E-23C9F8687689}.Debug|Any CPU.Build.0 = Debug|Any CPU
		{2C7C20E3-A1CC-4465-BD8E-23C9F8687689}.Release|Any CPU.ActiveCfg = Release|Any CPU
		{2C7C20E3-A1CC-4465-BD8E-23C9F8687689}.Release|Any CPU.Build.0 = Release|Any CPU
		{044E7B4C-AEEB-4165-BBF6-4C593EC6B897}.Debug|Any CPU.ActiveCfg = Debug|Any CPU
		{044E7B4C-AEEB-4165-BBF6-4C593EC6B897}.Debug|Any CPU.Build.0 = Debug|Any CPU
		{044E7B4C-AEEB-4165-BBF6-4C593EC6B897}.Release|Any CPU.ActiveCfg = Release|Any CPU
		{044E7B4C-AEEB-4165-BBF6-4C593EC6B897}.Release|Any CPU.Build.0 = Release|Any CPU
		{F1A26255-A9A8-4DC0-89ED-FAA500A4020F}.Debug|Any CPU.ActiveCfg = Debug|Any CPU
		{F1A26255-A9A8-4DC0-89ED-FAA500A4020F}.Debug|Any CPU.Build.0 = Debug|Any CPU
		{F1A26255-A9A8-4DC0-89ED-FAA500A4020F}.Release|Any CPU.ActiveCfg = Release|Any CPU
		{F1A26255-A9A8-4DC0-89ED-FAA500A4020F}.Release|Any CPU.Build.0 = Release|Any CPU
		{668C4485-9F27-4B59-917B-F2D897C0D06C}.Debug|Any CPU.ActiveCfg = Debug|Any CPU
		{668C4485-9F27-4B59-917B-F2D897C0D06C}.Debug|Any CPU.Build.0 = Debug|Any CPU
		{668C4485-9F27-4B59-917B-F2D897C0D06C}.Release|Any CPU.ActiveCfg = Release|Any CPU
		{668C4485-9F27-4B59-917B-F2D897C0D06C}.Release|Any CPU.Build.0 = Release|Any CPU
		{64FECB1C-737D-4037-AA70-48041E273373}.Debug|Any CPU.ActiveCfg = Debug|Any CPU
		{64FECB1C-737D-4037-AA70-48041E273373}.Debug|Any CPU.Build.0 = Debug|Any CPU
		{64FECB1C-737D-4037-AA70-48041E273373}.Release|Any CPU.ActiveCfg = Release|Any CPU
		{64FECB1C-737D-4037-AA70-48041E273373}.Release|Any CPU.Build.0 = Release|Any CPU
		{9AF5B1BE-A358-4A23-88F6-631E6A122DCF}.Debug|Any CPU.ActiveCfg = Debug|Any CPU
		{9AF5B1BE-A358-4A23-88F6-631E6A122DCF}.Debug|Any CPU.Build.0 = Debug|Any CPU
		{9AF5B1BE-A358-4A23-88F6-631E6A122DCF}.Release|Any CPU.ActiveCfg = Release|Any CPU
		{9AF5B1BE-A358-4A23-88F6-631E6A122DCF}.Release|Any CPU.Build.0 = Release|Any CPU
		{D42BA297-FA9C-4342-AC7C-1B644F60BBAF}.Debug|Any CPU.ActiveCfg = Debug|Any CPU
		{D42BA297-FA9C-4342-AC7C-1B644F60BBAF}.Debug|Any CPU.Build.0 = Debug|Any CPU
		{D42BA297-FA9C-4342-AC7C-1B644F60BBAF}.Release|Any CPU.ActiveCfg = Release|Any CPU
		{D42BA297-FA9C-4342-AC7C-1B644F60BBAF}.Release|Any CPU.Build.0 = Release|Any CPU
		{4CB5AF58-3588-481E-AF3E-7EA7BAB226F2}.Debug|Any CPU.ActiveCfg = Debug|Any CPU
		{4CB5AF58-3588-481E-AF3E-7EA7BAB226F2}.Debug|Any CPU.Build.0 = Debug|Any CPU
		{4CB5AF58-3588-481E-AF3E-7EA7BAB226F2}.Release|Any CPU.ActiveCfg = Release|Any CPU
		{4CB5AF58-3588-481E-AF3E-7EA7BAB226F2}.Release|Any CPU.Build.0 = Release|Any CPU
		{0F8BA49A-8006-441A-85C0-A640B213443D}.Debug|Any CPU.ActiveCfg = Debug|Any CPU
		{0F8BA49A-8006-441A-85C0-A640B213443D}.Debug|Any CPU.Build.0 = Debug|Any CPU
		{0F8BA49A-8006-441A-85C0-A640B213443D}.Release|Any CPU.ActiveCfg = Release|Any CPU
		{0F8BA49A-8006-441A-85C0-A640B213443D}.Release|Any CPU.Build.0 = Release|Any CPU
		{1C959803-45B9-4EE1-9F55-4467289A0702}.Debug|Any CPU.ActiveCfg = Debug|Any CPU
		{1C959803-45B9-4EE1-9F55-4467289A0702}.Debug|Any CPU.Build.0 = Debug|Any CPU
		{1C959803-45B9-4EE1-9F55-4467289A0702}.Release|Any CPU.ActiveCfg = Release|Any CPU
		{1C959803-45B9-4EE1-9F55-4467289A0702}.Release|Any CPU.Build.0 = Release|Any CPU
		{B9B5F803-0654-43CC-8C1E-59C84D21A368}.Debug|Any CPU.ActiveCfg = Debug|Any CPU
		{B9B5F803-0654-43CC-8C1E-59C84D21A368}.Debug|Any CPU.Build.0 = Debug|Any CPU
		{B9B5F803-0654-43CC-8C1E-59C84D21A368}.Release|Any CPU.ActiveCfg = Release|Any CPU
		{B9B5F803-0654-43CC-8C1E-59C84D21A368}.Release|Any CPU.Build.0 = Release|Any CPU
		{2F6523A9-756F-41AF-8068-EE18E250391F}.Debug|Any CPU.ActiveCfg = Debug|Any CPU
		{2F6523A9-756F-41AF-8068-EE18E250391F}.Debug|Any CPU.Build.0 = Debug|Any CPU
		{2F6523A9-756F-41AF-8068-EE18E250391F}.Release|Any CPU.ActiveCfg = Release|Any CPU
		{2F6523A9-756F-41AF-8068-EE18E250391F}.Release|Any CPU.Build.0 = Release|Any CPU
		{69AEF26C-0BC7-40A4-87B8-BD5F43708CF2}.Debug|Any CPU.ActiveCfg = Debug|Any CPU
		{69AEF26C-0BC7-40A4-87B8-BD5F43708CF2}.Debug|Any CPU.Build.0 = Debug|Any CPU
		{69AEF26C-0BC7-40A4-87B8-BD5F43708CF2}.Release|Any CPU.ActiveCfg = Release|Any CPU
		{69AEF26C-0BC7-40A4-87B8-BD5F43708CF2}.Release|Any CPU.Build.0 = Release|Any CPU
		{923F750F-6499-4E7F-969C-C4C677DBD152}.Debug|Any CPU.ActiveCfg = Debug|Any CPU
		{923F750F-6499-4E7F-969C-C4C677DBD152}.Debug|Any CPU.Build.0 = Debug|Any CPU
		{923F750F-6499-4E7F-969C-C4C677DBD152}.Release|Any CPU.ActiveCfg = Release|Any CPU
		{923F750F-6499-4E7F-969C-C4C677DBD152}.Release|Any CPU.Build.0 = Release|Any CPU
		{91E5FFE6-86AA-424E-8F74-6D123964F526}.Debug|Any CPU.ActiveCfg = Debug|Any CPU
		{91E5FFE6-86AA-424E-8F74-6D123964F526}.Debug|Any CPU.Build.0 = Debug|Any CPU
		{91E5FFE6-86AA-424E-8F74-6D123964F526}.Release|Any CPU.ActiveCfg = Release|Any CPU
		{91E5FFE6-86AA-424E-8F74-6D123964F526}.Release|Any CPU.Build.0 = Release|Any CPU
		{6B71AB00-ABE8-4441-8A75-F2698080989A}.Debug|Any CPU.ActiveCfg = Debug|Any CPU
		{6B71AB00-ABE8-4441-8A75-F2698080989A}.Debug|Any CPU.Build.0 = Debug|Any CPU
		{6B71AB00-ABE8-4441-8A75-F2698080989A}.Release|Any CPU.ActiveCfg = Release|Any CPU
		{6B71AB00-ABE8-4441-8A75-F2698080989A}.Release|Any CPU.Build.0 = Release|Any CPU
		{A8C6F3A9-B594-423C-9C16-5BB7E3DDFFC1}.Debug|Any CPU.ActiveCfg = Debug|Any CPU
		{A8C6F3A9-B594-423C-9C16-5BB7E3DDFFC1}.Debug|Any CPU.Build.0 = Debug|Any CPU
		{A8C6F3A9-B594-423C-9C16-5BB7E3DDFFC1}.Release|Any CPU.ActiveCfg = Release|Any CPU
		{A8C6F3A9-B594-423C-9C16-5BB7E3DDFFC1}.Release|Any CPU.Build.0 = Release|Any CPU
		{BBCC72FF-B76C-440D-B1AF-C7559299BD72}.Debug|Any CPU.ActiveCfg = Debug|Any CPU
		{BBCC72FF-B76C-440D-B1AF-C7559299BD72}.Debug|Any CPU.Build.0 = Debug|Any CPU
		{BBCC72FF-B76C-440D-B1AF-C7559299BD72}.Release|Any CPU.ActiveCfg = Release|Any CPU
		{BBCC72FF-B76C-440D-B1AF-C7559299BD72}.Release|Any CPU.Build.0 = Release|Any CPU
		{10A5A64C-D286-410B-A8D3-922385C16574}.Debug|Any CPU.ActiveCfg = Debug|Any CPU
		{10A5A64C-D286-410B-A8D3-922385C16574}.Debug|Any CPU.Build.0 = Debug|Any CPU
		{10A5A64C-D286-410B-A8D3-922385C16574}.Release|Any CPU.ActiveCfg = Release|Any CPU
		{10A5A64C-D286-410B-A8D3-922385C16574}.Release|Any CPU.Build.0 = Release|Any CPU
		{D4283558-B398-4277-A13A-B8C74A58F797}.Debug|Any CPU.ActiveCfg = Debug|Any CPU
		{D4283558-B398-4277-A13A-B8C74A58F797}.Debug|Any CPU.Build.0 = Debug|Any CPU
		{D4283558-B398-4277-A13A-B8C74A58F797}.Release|Any CPU.ActiveCfg = Release|Any CPU
		{D4283558-B398-4277-A13A-B8C74A58F797}.Release|Any CPU.Build.0 = Release|Any CPU
		{A7137D30-7D94-4CC2-92C9-DD3B3226078C}.Debug|Any CPU.ActiveCfg = Debug|Any CPU
		{A7137D30-7D94-4CC2-92C9-DD3B3226078C}.Debug|Any CPU.Build.0 = Debug|Any CPU
		{A7137D30-7D94-4CC2-92C9-DD3B3226078C}.Release|Any CPU.ActiveCfg = Release|Any CPU
		{A7137D30-7D94-4CC2-92C9-DD3B3226078C}.Release|Any CPU.Build.0 = Release|Any CPU
		{8D18C9D0-B25A-478D-A94B-FC1CE2446B82}.Debug|Any CPU.ActiveCfg = Debug|Any CPU
		{8D18C9D0-B25A-478D-A94B-FC1CE2446B82}.Debug|Any CPU.Build.0 = Debug|Any CPU
		{8D18C9D0-B25A-478D-A94B-FC1CE2446B82}.Release|Any CPU.ActiveCfg = Release|Any CPU
		{8D18C9D0-B25A-478D-A94B-FC1CE2446B82}.Release|Any CPU.Build.0 = Release|Any CPU
		{D0A1B2CC-8E62-4AFA-879D-24CC967DBE78}.Debug|Any CPU.ActiveCfg = Debug|Any CPU
		{D0A1B2CC-8E62-4AFA-879D-24CC967DBE78}.Debug|Any CPU.Build.0 = Debug|Any CPU
		{D0A1B2CC-8E62-4AFA-879D-24CC967DBE78}.Release|Any CPU.ActiveCfg = Release|Any CPU
		{D0A1B2CC-8E62-4AFA-879D-24CC967DBE78}.Release|Any CPU.Build.0 = Release|Any CPU
		{499B69B6-2462-4DD1-B685-9E10E16388B0}.Debug|Any CPU.ActiveCfg = Debug|Any CPU
		{499B69B6-2462-4DD1-B685-9E10E16388B0}.Debug|Any CPU.Build.0 = Debug|Any CPU
		{499B69B6-2462-4DD1-B685-9E10E16388B0}.Release|Any CPU.ActiveCfg = Release|Any CPU
		{499B69B6-2462-4DD1-B685-9E10E16388B0}.Release|Any CPU.Build.0 = Release|Any CPU
	EndGlobalSection
	GlobalSection(SolutionProperties) = preSolution
		HideSolutionNode = FALSE
	EndGlobalSection
	GlobalSection(NestedProjects) = preSolution
		{044E7B4C-AEEB-4165-BBF6-4C593EC6B897} = {45671190-C169-4587-A7BA-367F2FCF5B0D}
		{F1A26255-A9A8-4DC0-89ED-FAA500A4020F} = {45671190-C169-4587-A7BA-367F2FCF5B0D}
		{668C4485-9F27-4B59-917B-F2D897C0D06C} = {45671190-C169-4587-A7BA-367F2FCF5B0D}
		{64FECB1C-737D-4037-AA70-48041E273373} = {45671190-C169-4587-A7BA-367F2FCF5B0D}
		{0F8BA49A-8006-441A-85C0-A640B213443D} = {C46106E7-9478-40A2-8A6B-BD2C51D357D9}
		{1C959803-45B9-4EE1-9F55-4467289A0702} = {C46106E7-9478-40A2-8A6B-BD2C51D357D9}
		{2F6523A9-756F-41AF-8068-EE18E250391F} = {54285D4F-AA43-4673-8E65-40931523DB51}
		{69AEF26C-0BC7-40A4-87B8-BD5F43708CF2} = {54285D4F-AA43-4673-8E65-40931523DB51}
		{923F750F-6499-4E7F-969C-C4C677DBD152} = {54285D4F-AA43-4673-8E65-40931523DB51}
		{91E5FFE6-86AA-424E-8F74-6D123964F526} = {0278C5CC-286D-4109-8112-E13063D6403B}
		{6B71AB00-ABE8-4441-8A75-F2698080989A} = {C46106E7-9478-40A2-8A6B-BD2C51D357D9}
		{A8C6F3A9-B594-423C-9C16-5BB7E3DDFFC1} = {2BE64B7C-2CCC-443B-B2E0-46A520E636ED}
		{BBCC72FF-B76C-440D-B1AF-C7559299BD72} = {2BE64B7C-2CCC-443B-B2E0-46A520E636ED}
		{10A5A64C-D286-410B-A8D3-922385C16574} = {2BE64B7C-2CCC-443B-B2E0-46A520E636ED}
		{D4283558-B398-4277-A13A-B8C74A58F797} = {2BE64B7C-2CCC-443B-B2E0-46A520E636ED}
		{A7137D30-7D94-4CC2-92C9-DD3B3226078C} = {2BE64B7C-2CCC-443B-B2E0-46A520E636ED}
		{8D18C9D0-B25A-478D-A94B-FC1CE2446B82} = {2BE64B7C-2CCC-443B-B2E0-46A520E636ED}
		{D0A1B2CC-8E62-4AFA-879D-24CC967DBE78} = {9DCD6A7D-3967-45B9-B461-18325932B2BB}
		{499B69B6-2462-4DD1-B685-9E10E16388B0} = {9DCD6A7D-3967-45B9-B461-18325932B2BB}
	EndGlobalSection
	GlobalSection(ExtensibilityGlobals) = postSolution
		SolutionGuid = {52D4A9BE-512F-4575-8428-6D0655F1869B}
	EndGlobalSection
EndGlobal
