
Microsoft Visual Studio Solution File, Format Version 12.00
# Visual Studio Version 17
VisualStudioVersion = 17.8.34330.188
MinimumVisualStudioVersion = 10.0.40219.1
Project("{9A19103F-16F7-4668-BE54-9A1E7A4F7556}") = "EFCore", "EFCore\EFCore.csproj", "{B785631F-4709-4612-A20D-0B9DF95141DD}"
EndProject
Project("{9A19103F-16F7-4668-BE54-9A1E7A4F7556}") = "test", "test\test.csproj", "{2C7C20E3-A1CC-4465-BD8E-23C9F8687689}"
EndProject
Project("{9A19103F-16F7-4668-BE54-9A1E7A4F7556}") = "AspNetCoreWeb", "AspNetCoreWeb\AspNetCoreWeb.csproj", "{044E7B4C-AEEB-4165-BBF6-4C593EC6B897}"
EndProject
Project("{9A19103F-16F7-4668-BE54-9A1E7A4F7556}") = "AspNetCoreWebMvc", "AspNetCoreWebMvc\AspNetCoreWebMvc.csproj", "{F1A26255-A9A8-4DC0-89ED-FAA500A4020F}"
EndProject
Project("{FAE04EC0-301F-11D3-BF4B-00C04F79EFBC}") = "AspNetCoreWebApi", "AspNetCoreWebApi\AspNetCoreWebApi.csproj", "{668C4485-9F27-4B59-917B-F2D897C0D06C}"
EndProject
Global
	GlobalSection(SolutionConfigurationPlatforms) = preSolution
		Debug|Any CPU = Debug|Any CPU
		Release|Any CPU = Release|Any CPU
	EndGlobalSection
	GlobalSection(ProjectConfigurationPlatforms) = postSolution
		{B785631F-4709-4612-A20D-0B9DF95141DD}.Debug|Any CPU.ActiveCfg = Debug|Any CPU
		{B785631F-4709-4612-A20D-0B9DF95141DD}.Debug|Any CPU.Build.0 = Debug|Any CPU
		{B785631F-4709-4612-A20D-0B9DF95141DD}.Release|Any CPU.ActiveCfg = Release|Any CPU
		{B785631F-4709-4612-A20D-0B9DF95141DD}.Release|Any CPU.Build.0 = Release|Any CPU
		{2C7C20E3-A1CC-4465-BD8E-23C9F8687689}.Debug|Any CPU.ActiveCfg = Debug|Any CPU
		{2C7C20E3-A1CC-4465-BD8E-23C9F8687689}.Debug|Any CPU.Build.0 = Debug|Any CPU
		{2C7C20E3-A1CC-4465-BD8E-23C9F8687689}.Release|Any CPU.ActiveCfg = Release|Any CPU
		{2C7C20E3-A1CC-4465-BD8E-23C9F8687689}.Release|Any CPU.Build.0 = Release|Any CPU
		{044E7B4C-AEEB-4165-BBF6-4C593EC6B897}.Debug|Any CPU.ActiveCfg = Debug|Any CPU
		{044E7B4C-AEEB-4165-BBF6-4C593EC6B897}.Debug|Any CPU.Build.0 = Debug|Any CPU
		{044E7B4C-AEEB-4165-BBF6-4C593EC6B897}.Release|Any CPU.ActiveCfg = Release|Any CPU
		{044E7B4C-AEEB-4165-BBF6-4C593EC6B897}.Release|Any CPU.Build.0 = Release|Any CPU
		{F1A26255-A9A8-4DC0-89ED-FAA500A4020F}.Debug|Any CPU.ActiveCfg = Debug|Any CPU
		{F1A26255-A9A8-4DC0-89ED-FAA500A4020F}.Debug|Any CPU.Build.0 = Debug|Any CPU
		{F1A26255-A9A8-4DC0-89ED-FAA500A4020F}.Release|Any CPU.ActiveCfg = Release|Any CPU
		{F1A26255-A9A8-4DC0-89ED-FAA500A4020F}.Release|Any CPU.Build.0 = Release|Any CPU
		{668C4485-9F27-4B59-917B-F2D897C0D06C}.Debug|Any CPU.ActiveCfg = Debug|Any CPU
		{668C4485-9F27-4B59-917B-F2D897C0D06C}.Debug|Any CPU.Build.0 = Debug|Any CPU
		{668C4485-9F27-4B59-917B-F2D897C0D06C}.Release|Any CPU.ActiveCfg = Release|Any CPU
		{668C4485-9F27-4B59-917B-F2D897C0D06C}.Release|Any CPU.Build.0 = Release|Any CPU
	EndGlobalSection
	GlobalSection(SolutionProperties) = preSolution
		HideSolutionNode = FALSE
	EndGlobalSection
	GlobalSection(ExtensibilityGlobals) = postSolution
		SolutionGuid = {52D4A9BE-512F-4575-8428-6D0655F1869B}
	EndGlobalSection
EndGlobal
